Microsoft Visual Studio Solution File, Format Version 12.00
# Visual Studio Version 17
VisualStudioVersion = 17.5.2.0
MinimumVisualStudioVersion = 10.0.40219.1
Project("{FAE04EC0-301F-11D3-BF4B-00C04F79EFBC}") = "BajajCentra", "BajajCentra\BajajCentra.csproj", "{DCD5ED4B-AE35-0BDB-E9B1-8589A44DF911}"
EndProject
Global
	GlobalSection(SolutionConfigurationPlatforms) = preSolution
		Debug|Any CPU = Debug|Any CPU
		Release|Any CPU = Release|Any CPU
	EndGlobalSection
	GlobalSection(ProjectConfigurationPlatforms) = postSolution
		{DCD5ED4B-AE35-0BDB-E9B1-8589A44DF911}.Debug|Any CPU.ActiveCfg = Debug|Any CPU
		{DCD5ED4B-AE35-0BDB-E9B1-8589A44DF911}.Debug|Any CPU.Build.0 = Debug|Any CPU
		{DCD5ED4B-AE35-0BDB-E9B1-8589A44DF911}.Release|Any CPU.ActiveCfg = Release|Any CPU
		{DCD5ED4B-AE35-0BDB-E9B1-8589A44DF911}.Release|Any CPU.Build.0 = Release|Any CPU
	EndGlobalSection
	GlobalSection(SolutionProperties) = preSolution
		HideSolutionNode = FALSE
	EndGlobalSection
	GlobalSection(ExtensibilityGlobals) = postSolution
		SolutionGuid = {672B81F2-3989-48F5-B893-9B466DC1868D}
	EndGlobalSection
EndGlobal
